
Microsoft Visual Studio Solution File, Format Version 12.00
# Visual Studio Version 16
VisualStudioVersion = 16.0.31911.196
MinimumVisualStudioVersion = 10.0.40219.1
Project("{FAE04EC0-301F-11D3-BF4B-00C04F79EFBC}") = "WAD_C2009L_HoangThaiSon1", "WAD_C2009L_HoangThaiSon1\WAD_C2009L_HoangThaiSon1.csproj", "{8B3672BD-DCD8-4551-9375-D22DDCB78A58}"
EndProject
Global
	GlobalSection(SolutionConfigurationPlatforms) = preSolution
		Debug|Any CPU = Debug|Any CPU
		Release|Any CPU = Release|Any CPU
	EndGlobalSection
	GlobalSection(ProjectConfigurationPlatforms) = postSolution
		{8B3672BD-DCD8-4551-9375-D22DDCB78A58}.Debug|Any CPU.ActiveCfg = Debug|Any CPU
		{8B3672BD-DCD8-4551-9375-D22DDCB78A58}.Debug|Any CPU.Build.0 = Debug|Any CPU
		{8B3672BD-DCD8-4551-9375-D22DDCB78A58}.Release|Any CPU.ActiveCfg = Release|Any CPU
		{8B3672BD-DCD8-4551-9375-D22DDCB78A58}.Release|Any CPU.Build.0 = Release|Any CPU
	EndGlobalSection
	GlobalSection(SolutionProperties) = preSolution
		HideSolutionNode = FALSE
	EndGlobalSection
	GlobalSection(ExtensibilityGlobals) = postSolution
		SolutionGuid = {83645335-189E-413B-B36E-B4EC1F16EA9C}
	EndGlobalSection
EndGlobal
