
Microsoft Visual Studio Solution File, Format Version 12.00
# Visual Studio Version 17
VisualStudioVersion = 17.0.32126.317
MinimumVisualStudioVersion = 10.0.40219.1
Project("{FAE04EC0-301F-11D3-BF4B-00C04F79EFBC}") = "EAP_C2009L_NguyenVanA", "EAP_C2009L_NguyenVanA\EAP_C2009L_NguyenVanA.csproj", "{8C3F90D5-5550-4186-9893-6F31C51E7A38}"
EndProject
Global
	GlobalSection(SolutionConfigurationPlatforms) = preSolution
		Debug|Any CPU = Debug|Any CPU
		Release|Any CPU = Release|Any CPU
	EndGlobalSection
	GlobalSection(ProjectConfigurationPlatforms) = postSolution
		{8C3F90D5-5550-4186-9893-6F31C51E7A38}.Debug|Any CPU.ActiveCfg = Debug|Any CPU
		{8C3F90D5-5550-4186-9893-6F31C51E7A38}.Debug|Any CPU.Build.0 = Debug|Any CPU
		{8C3F90D5-5550-4186-9893-6F31C51E7A38}.Release|Any CPU.ActiveCfg = Release|Any CPU
		{8C3F90D5-5550-4186-9893-6F31C51E7A38}.Release|Any CPU.Build.0 = Release|Any CPU
	EndGlobalSection
	GlobalSection(SolutionProperties) = preSolution
		HideSolutionNode = FALSE
	EndGlobalSection
	GlobalSection(ExtensibilityGlobals) = postSolution
		SolutionGuid = {C1074C01-7559-4240-A742-3A53BE86ED11}
	EndGlobalSection
EndGlobal
