
Microsoft Visual Studio Solution File, Format Version 12.00
# Visual Studio Version 16
VisualStudioVersion = 25.0.1700.0
MinimumVisualStudioVersion = 10.0.40219.1
Project("{FAE04EC0-301F-11D3-BF4B-00C04F79EFBC}") = "DictionaryApp", "DictionaryApp.csproj", "{1D207EF7-EF36-4FFB-89B0-25AD2F4BF4E8}"
EndProject
Global
	GlobalSection(SolutionConfigurationPlatforms) = preSolution
		Debug|Any CPU = Debug|Any CPU
		Release|Any CPU = Release|Any CPU
	EndGlobalSection
	GlobalSection(ProjectConfigurationPlatforms) = postSolution
		{1D207EF7-EF36-4FFB-89B0-25AD2F4BF4E8}.Debug|Any CPU.ActiveCfg = Debug|Any CPU
		{1D207EF7-EF36-4FFB-89B0-25AD2F4BF4E8}.Debug|Any CPU.Build.0 = Debug|Any CPU
		{1D207EF7-EF36-4FFB-89B0-25AD2F4BF4E8}.Release|Any CPU.ActiveCfg = Release|Any CPU
		{1D207EF7-EF36-4FFB-89B0-25AD2F4BF4E8}.Release|Any CPU.Build.0 = Release|Any CPU
	EndGlobalSection
	GlobalSection(SolutionProperties) = preSolution
		HideSolutionNode = FALSE
	EndGlobalSection
	GlobalSection(ExtensibilityGlobals) = postSolution
		SolutionGuid = {BF732281-629C-4290-9A20-E0E8677764E6}
	EndGlobalSection
EndGlobal
