
Microsoft Visual Studio Solution File, Format Version 12.00
# Visual Studio Version 16
VisualStudioVersion = 16.0.31911.196
MinimumVisualStudioVersion = 10.0.40219.1
Project("{FAE04EC0-301F-11D3-BF4B-00C04F79EFBC}") = "MyWebApp", "MyWebApp\MyWebApp.csproj", "{9D73C072-DC63-4850-8A50-7611FC67197D}"
EndProject
Global
	GlobalSection(SolutionConfigurationPlatforms) = preSolution
		Debug|Any CPU = Debug|Any CPU
		Release|Any CPU = Release|Any CPU
	EndGlobalSection
	GlobalSection(ProjectConfigurationPlatforms) = postSolution
		{9D73C072-DC63-4850-8A50-7611FC67197D}.Debug|Any CPU.ActiveCfg = Debug|Any CPU
		{9D73C072-DC63-4850-8A50-7611FC67197D}.Debug|Any CPU.Build.0 = Debug|Any CPU
		{9D73C072-DC63-4850-8A50-7611FC67197D}.Release|Any CPU.ActiveCfg = Release|Any CPU
		{9D73C072-DC63-4850-8A50-7611FC67197D}.Release|Any CPU.Build.0 = Release|Any CPU
	EndGlobalSection
	GlobalSection(SolutionProperties) = preSolution
		HideSolutionNode = FALSE
	EndGlobalSection
	GlobalSection(ExtensibilityGlobals) = postSolution
		SolutionGuid = {FFBC3E86-D155-445F-B60E-454597F84CBC}
	EndGlobalSection
EndGlobal
