
Microsoft Visual Studio Solution File, Format Version 12.00
# Visual Studio Version 16
VisualStudioVersion = 16.0.31729.503
MinimumVisualStudioVersion = 10.0.40219.1
Project("{FAE04EC0-301F-11D3-BF4B-00C04F79EFBC}") = "WAD_C2009L_NguyenVanA", "WAD_C2009L_NguyenVanA\WAD_C2009L_NguyenVanA.csproj", "{05EA5768-56FC-4B45-ACB6-35C05C5CB32A}"
EndProject
Global
	GlobalSection(SolutionConfigurationPlatforms) = preSolution
		Debug|Any CPU = Debug|Any CPU
		Release|Any CPU = Release|Any CPU
	EndGlobalSection
	GlobalSection(ProjectConfigurationPlatforms) = postSolution
		{05EA5768-56FC-4B45-ACB6-35C05C5CB32A}.Debug|Any CPU.ActiveCfg = Debug|Any CPU
		{05EA5768-56FC-4B45-ACB6-35C05C5CB32A}.Debug|Any CPU.Build.0 = Debug|Any CPU
		{05EA5768-56FC-4B45-ACB6-35C05C5CB32A}.Release|Any CPU.ActiveCfg = Release|Any CPU
		{05EA5768-56FC-4B45-ACB6-35C05C5CB32A}.Release|Any CPU.Build.0 = Release|Any CPU
	EndGlobalSection
	GlobalSection(SolutionProperties) = preSolution
		HideSolutionNode = FALSE
	EndGlobalSection
	GlobalSection(ExtensibilityGlobals) = postSolution
		SolutionGuid = {10246906-1E48-4BA8-88CA-38C13443A571}
	EndGlobalSection
EndGlobal
