
Microsoft Visual Studio Solution File, Format Version 12.00
# Visual Studio Version 16
VisualStudioVersion = 16.0.31911.196
MinimumVisualStudioVersion = 10.0.40219.1
Project("{FAE04EC0-301F-11D3-BF4B-00C04F79EFBC}") = "Owin_C2009L_Hoang_Thai_Son", "Owin_C2009L_Hoang_Thai_Son\Owin_C2009L_Hoang_Thai_Son.csproj", "{4705AA06-2EEF-43BA-A15E-FC90AEBC2451}"
EndProject
Global
	GlobalSection(SolutionConfigurationPlatforms) = preSolution
		Debug|Any CPU = Debug|Any CPU
		Release|Any CPU = Release|Any CPU
	EndGlobalSection
	GlobalSection(ProjectConfigurationPlatforms) = postSolution
		{4705AA06-2EEF-43BA-A15E-FC90AEBC2451}.Debug|Any CPU.ActiveCfg = Debug|Any CPU
		{4705AA06-2EEF-43BA-A15E-FC90AEBC2451}.Debug|Any CPU.Build.0 = Debug|Any CPU
		{4705AA06-2EEF-43BA-A15E-FC90AEBC2451}.Release|Any CPU.ActiveCfg = Release|Any CPU
		{4705AA06-2EEF-43BA-A15E-FC90AEBC2451}.Release|Any CPU.Build.0 = Release|Any CPU
	EndGlobalSection
	GlobalSection(SolutionProperties) = preSolution
		HideSolutionNode = FALSE
	EndGlobalSection
	GlobalSection(ExtensibilityGlobals) = postSolution
		SolutionGuid = {3AEDF4D4-F98B-4A38-8AB0-C46D5A11AC75}
	EndGlobalSection
EndGlobal
