
Microsoft Visual Studio Solution File, Format Version 12.00
# Visual Studio Version 16
VisualStudioVersion = 16.0.31911.196
MinimumVisualStudioVersion = 10.0.40219.1
Project("{FAE04EC0-301F-11D3-BF4B-00C04F79EFBC}") = "EAP_C2009L", "EAP_C2009L\EAP_C2009L.csproj", "{6E2DF333-F455-469B-AA21-D39524DC8346}"
EndProject
Global
	GlobalSection(SolutionConfigurationPlatforms) = preSolution
		Debug|Any CPU = Debug|Any CPU
		Release|Any CPU = Release|Any CPU
	EndGlobalSection
	GlobalSection(ProjectConfigurationPlatforms) = postSolution
		{6E2DF333-F455-469B-AA21-D39524DC8346}.Debug|Any CPU.ActiveCfg = Debug|Any CPU
		{6E2DF333-F455-469B-AA21-D39524DC8346}.Debug|Any CPU.Build.0 = Debug|Any CPU
		{6E2DF333-F455-469B-AA21-D39524DC8346}.Release|Any CPU.ActiveCfg = Release|Any CPU
		{6E2DF333-F455-469B-AA21-D39524DC8346}.Release|Any CPU.Build.0 = Release|Any CPU
	EndGlobalSection
	GlobalSection(SolutionProperties) = preSolution
		HideSolutionNode = FALSE
	EndGlobalSection
	GlobalSection(ExtensibilityGlobals) = postSolution
		SolutionGuid = {6FA1D581-D290-4D75-A631-415FB0ACABAD}
	EndGlobalSection
EndGlobal
