
Microsoft Visual Studio Solution File, Format Version 12.00
# Visual Studio Version 16
VisualStudioVersion = 16.0.31911.196
MinimumVisualStudioVersion = 10.0.40219.1
Project("{FAE04EC0-301F-11D3-BF4B-00C04F79EFBC}") = "EAP__C2009L", "EAP__C2009L\EAP__C2009L.csproj", "{31803743-D8C5-480E-ABDD-4FD2F5D8D2C9}"
EndProject
Global
	GlobalSection(SolutionConfigurationPlatforms) = preSolution
		Debug|Any CPU = Debug|Any CPU
		Release|Any CPU = Release|Any CPU
	EndGlobalSection
	GlobalSection(ProjectConfigurationPlatforms) = postSolution
		{31803743-D8C5-480E-ABDD-4FD2F5D8D2C9}.Debug|Any CPU.ActiveCfg = Debug|Any CPU
		{31803743-D8C5-480E-ABDD-4FD2F5D8D2C9}.Debug|Any CPU.Build.0 = Debug|Any CPU
		{31803743-D8C5-480E-ABDD-4FD2F5D8D2C9}.Release|Any CPU.ActiveCfg = Release|Any CPU
		{31803743-D8C5-480E-ABDD-4FD2F5D8D2C9}.Release|Any CPU.Build.0 = Release|Any CPU
	EndGlobalSection
	GlobalSection(SolutionProperties) = preSolution
		HideSolutionNode = FALSE
	EndGlobalSection
	GlobalSection(ExtensibilityGlobals) = postSolution
		SolutionGuid = {A5FF4ECC-6B74-40C7-ACA7-EF1DD4C605E4}
	EndGlobalSection
EndGlobal
