
Microsoft Visual Studio Solution File, Format Version 12.00
# Visual Studio Version 17
VisualStudioVersion = 17.0.31710.8
MinimumVisualStudioVersion = 10.0.40219.1
Project("{FAE04EC0-301F-11D3-BF4B-00C04F79EFBC}") = "myapp", "myapp\myapp.csproj", "{564216A0-F202-4FC5-99D5-E691362AA727}"
EndProject
Global
	GlobalSection(SolutionConfigurationPlatforms) = preSolution
		Debug|Any CPU = Debug|Any CPU
		Release|Any CPU = Release|Any CPU
	EndGlobalSection
	GlobalSection(ProjectConfigurationPlatforms) = postSolution
		{564216A0-F202-4FC5-99D5-E691362AA727}.Debug|Any CPU.ActiveCfg = Debug|Any CPU
		{564216A0-F202-4FC5-99D5-E691362AA727}.Debug|Any CPU.Build.0 = Debug|Any CPU
		{564216A0-F202-4FC5-99D5-E691362AA727}.Release|Any CPU.ActiveCfg = Release|Any CPU
		{564216A0-F202-4FC5-99D5-E691362AA727}.Release|Any CPU.Build.0 = Release|Any CPU
	EndGlobalSection
	GlobalSection(SolutionProperties) = preSolution
		HideSolutionNode = FALSE
	EndGlobalSection
	GlobalSection(ExtensibilityGlobals) = postSolution
		SolutionGuid = {0F3A283E-B508-48A5-A642-DFA414984A73}
	EndGlobalSection
EndGlobal
