
Microsoft Visual Studio Solution File, Format Version 12.00
# Visual Studio Version 16
VisualStudioVersion = 16.0.31624.102
MinimumVisualStudioVersion = 10.0.40219.1
Project("{FAE04EC0-301F-11D3-BF4B-00C04F79EFBC}") = "Exam5", "Exam5\Exam5.csproj", "{35DE06E1-A90A-4373-B8B4-1B657CD2765D}"
EndProject
Global
	GlobalSection(SolutionConfigurationPlatforms) = preSolution
		Debug|Any CPU = Debug|Any CPU
		Release|Any CPU = Release|Any CPU
	EndGlobalSection
	GlobalSection(ProjectConfigurationPlatforms) = postSolution
		{35DE06E1-A90A-4373-B8B4-1B657CD2765D}.Debug|Any CPU.ActiveCfg = Debug|Any CPU
		{35DE06E1-A90A-4373-B8B4-1B657CD2765D}.Debug|Any CPU.Build.0 = Debug|Any CPU
		{35DE06E1-A90A-4373-B8B4-1B657CD2765D}.Release|Any CPU.ActiveCfg = Release|Any CPU
		{35DE06E1-A90A-4373-B8B4-1B657CD2765D}.Release|Any CPU.Build.0 = Release|Any CPU
	EndGlobalSection
	GlobalSection(SolutionProperties) = preSolution
		HideSolutionNode = FALSE
	EndGlobalSection
	GlobalSection(ExtensibilityGlobals) = postSolution
		SolutionGuid = {639DC55F-7DF8-40C8-9BA0-F36B994BB9AA}
	EndGlobalSection
EndGlobal
