
Microsoft Visual Studio Solution File, Format Version 12.00
# Visual Studio Version 16
VisualStudioVersion = 16.0.31019.35
MinimumVisualStudioVersion = 10.0.40219.1
Project("{FAE04EC0-301F-11D3-BF4B-00C04F79EFBC}") = "EAP_Music_NguyenVanA", "EAP_Music_NguyenVanA\EAP_Music_NguyenVanA.csproj", "{7504A164-4B71-45DC-B0E0-16A19C93D0E7}"
EndProject
Global
	GlobalSection(SolutionConfigurationPlatforms) = preSolution
		Debug|Any CPU = Debug|Any CPU
		Release|Any CPU = Release|Any CPU
	EndGlobalSection
	GlobalSection(ProjectConfigurationPlatforms) = postSolution
		{7504A164-4B71-45DC-B0E0-16A19C93D0E7}.Debug|Any CPU.ActiveCfg = Debug|Any CPU
		{7504A164-4B71-45DC-B0E0-16A19C93D0E7}.Debug|Any CPU.Build.0 = Debug|Any CPU
		{7504A164-4B71-45DC-B0E0-16A19C93D0E7}.Release|Any CPU.ActiveCfg = Release|Any CPU
		{7504A164-4B71-45DC-B0E0-16A19C93D0E7}.Release|Any CPU.Build.0 = Release|Any CPU
	EndGlobalSection
	GlobalSection(SolutionProperties) = preSolution
		HideSolutionNode = FALSE
	EndGlobalSection
	GlobalSection(ExtensibilityGlobals) = postSolution
		SolutionGuid = {34FF2587-64CA-4EE3-AD40-9DFDA4D896FA}
	EndGlobalSection
EndGlobal
