
Microsoft Visual Studio Solution File, Format Version 12.00
# Visual Studio Version 17
VisualStudioVersion = 17.0.31808.319
MinimumVisualStudioVersion = 10.0.40219.1
Project("{FAE04EC0-301F-11D3-BF4B-00C04F79EFBC}") = "DictionaryManagement", "HoangThaiSonC2009L\DictionaryManagement.csproj", "{07E9EB76-3287-46D8-BEE8-546F5E40831F}"
EndProject
Global
	GlobalSection(SolutionConfigurationPlatforms) = preSolution
		Debug|Any CPU = Debug|Any CPU
		Release|Any CPU = Release|Any CPU
	EndGlobalSection
	GlobalSection(ProjectConfigurationPlatforms) = postSolution
		{07E9EB76-3287-46D8-BEE8-546F5E40831F}.Debug|Any CPU.ActiveCfg = Debug|Any CPU
		{07E9EB76-3287-46D8-BEE8-546F5E40831F}.Debug|Any CPU.Build.0 = Debug|Any CPU
		{07E9EB76-3287-46D8-BEE8-546F5E40831F}.Release|Any CPU.ActiveCfg = Release|Any CPU
		{07E9EB76-3287-46D8-BEE8-546F5E40831F}.Release|Any CPU.Build.0 = Release|Any CPU
	EndGlobalSection
	GlobalSection(SolutionProperties) = preSolution
		HideSolutionNode = FALSE
	EndGlobalSection
	GlobalSection(ExtensibilityGlobals) = postSolution
		SolutionGuid = {C5F24165-25F4-42A5-AEA3-B04FE88682E2}
	EndGlobalSection
EndGlobal
